
Microsoft Visual Studio Solution File, Format Version 12.00
# Visual Studio Version 17
VisualStudioVersion = 17.6.33815.320
MinimumVisualStudioVersion = 10.0.40219.1
Project("{FAE04EC0-301F-11D3-BF4B-00C04F79EFBC}") = "LINQ DegenerateSelectClauses", "LINQ DegenerateSelectClauses\LINQ DegenerateSelectClauses.csproj", "{68FDBF3D-434E-4308-AE4A-4312CFA6216C}"
EndProject
Global
	GlobalSection(SolutionConfigurationPlatforms) = preSolution
		Debug|Any CPU = Debug|Any CPU
		Release|Any CPU = Release|Any CPU
	EndGlobalSection
	GlobalSection(ProjectConfigurationPlatforms) = postSolution
		{68FDBF3D-434E-4308-AE4A-4312CFA6216C}.Debug|Any CPU.ActiveCfg = Debug|Any CPU
		{68FDBF3D-434E-4308-AE4A-4312CFA6216C}.Debug|Any CPU.Build.0 = Debug|Any CPU
		{68FDBF3D-434E-4308-AE4A-4312CFA6216C}.Release|Any CPU.ActiveCfg = Release|Any CPU
		{68FDBF3D-434E-4308-AE4A-4312CFA6216C}.Release|Any CPU.Build.0 = Release|Any CPU
	EndGlobalSection
	GlobalSection(SolutionProperties) = preSolution
		HideSolutionNode = FALSE
	EndGlobalSection
	GlobalSection(ExtensibilityGlobals) = postSolution
		SolutionGuid = {3EA185E5-51AA-499E-A2B5-B41980DF1DF3}
	EndGlobalSection
EndGlobal
